<?xml version="1.0" encoding="utf-8"?>
<Project ToolsVersion="4.0" xmlns="http://schemas.microsoft.com/developer/msbuild/2003">
  <ItemGroup>
    <Filter Include="Source Files">
      <UniqueIdentifier>{4FC737F1-C7A5-4376-A066-2A32D752A2FF}</UniqueIdentifier>
      <Extensions>cpp;c;cc;cxx;def;odl;idl;hpj;bat;asm;asmx</Extensions>
    </Filter>
    <Filter Include="Header Files">
      <UniqueIdentifier>{93995380-89BD-4b04-88EB-625FBE52EBFB}</UniqueIdentifier>
      <Extensions>h;hh;hpp;hxx;hm;inl;inc;xsd</Extensions>
    </Filter>
    <Filter Include="Header Files\Shaders">
      <UniqueIdentifier>{3fd892ad-fc71-4548-83d1-e6336bb93d62}</UniqueIdentifier>
    </Filter>
    <Filter Include="Header Files\D3D">
      <UniqueIdentifier>{4da5ea96-80b8-4004-bc08-a82d45669547}</UniqueIdentifier>
    </Filter>
    <Filter Include="Header Files\Misc">
      <UniqueIdentifier>{6616a798-35ec-44d8-b304-c6026f1126ec}</UniqueIdentifier>
    </Filter>
    <Filter Include="Header Files\Graphics">
      <UniqueIdentifier>{e195daa2-75a7-4e9f-981d-c7aba30c105a}</UniqueIdentifier>
    </Filter>
    <Filter Include="Header Files\Terrain">
      <UniqueIdentifier>{546ac718-cfcf-47b7-a36a-8af6e46ba8c5}</UniqueIdentifier>
    </Filter>
    <Filter Include="Source Files\Interfaces">
      <UniqueIdentifier>{2d21a2a4-a555-4fc7-853f-7fe073270dc4}</UniqueIdentifier>
    </Filter>
    <Filter Include="Source Files\Drawables">
      <UniqueIdentifier>{cd2dab88-8b14-415c-8be5-77ae72d36c3e}</UniqueIdentifier>
    </Filter>
    <Filter Include="Source Files\D3D">
      <UniqueIdentifier>{c2e127e5-5d20-44fe-a065-b91ae7fc4543}</UniqueIdentifier>
    </Filter>
    <Filter Include="Source Files\Misc">
      <UniqueIdentifier>{79693102-261f-4256-95b4-4c1b1db2768e}</UniqueIdentifier>
    </Filter>
    <Filter Include="Source Files\Graphics">
      <UniqueIdentifier>{ff4e1e7d-d4bb-475b-b602-a14c8ce6b597}</UniqueIdentifier>
    </Filter>
    <Filter Include="Source Files\Terrain">
      <UniqueIdentifier>{14babd70-673e-4760-b693-00f4921f357c}</UniqueIdentifier>
    </Filter>
    <Filter Include="Source Files\Shaders">
      <UniqueIdentifier>{bab217a0-8f5a-4620-a908-ab80debda102}</UniqueIdentifier>
    </Filter>
    <Filter Include="Header Files\Physics">
      <UniqueIdentifier>{f4b8cc38-50c2-47e4-b612-7fbdc7f77961}</UniqueIdentifier>
    </Filter>
    <Filter Include="Source Files\Physics">
      <UniqueIdentifier>{d8462853-ce71-4920-ab40-1bf67a05ebca}</UniqueIdentifier>
    </Filter>
    <Filter Include="Header Files\Particles">
      <UniqueIdentifier>{e0ef54e9-3447-4a4b-8c53-2092ec2b68db}</UniqueIdentifier>
    </Filter>
    <Filter Include="Source Files\Particles">
      <UniqueIdentifier>{61a7f317-6ff1-4535-aa29-0e82c27ce36a}</UniqueIdentifier>
    </Filter>
    <Filter Include="Shaders">
      <UniqueIdentifier>{36db1e60-b5da-4dd5-bdec-a7bbdf794a8a}</UniqueIdentifier>
      <Extensions>.ps;.vs;</Extensions>
    </Filter>
    <Filter Include="Source Files\Tilemap">
      <UniqueIdentifier>{b12b707a-198e-48eb-a6ab-d0ff19477841}</UniqueIdentifier>
    </Filter>
    <Filter Include="Header Files\Tilemap">
      <UniqueIdentifier>{e427488e-89d9-410c-b621-5ef6e24dee21}</UniqueIdentifier>
    </Filter>
    <Filter Include="Header Files\Rendering">
      <UniqueIdentifier>{74cb467a-bb7d-411f-810e-2158613d2a03}</UniqueIdentifier>
    </Filter>
    <Filter Include="Header Files\Rendering\Shaders">
      <UniqueIdentifier>{ce21925b-1dcd-44f1-8f19-52593e967586}</UniqueIdentifier>
    </Filter>
    <Filter Include="Header Files\Rendering\Shaders\Components">
      <UniqueIdentifier>{87e3195d-bc6a-45fc-9c64-634624bde442}</UniqueIdentifier>
    </Filter>
    <Filter Include="Header Files\DeleteMaybe">
      <UniqueIdentifier>{f50dbf74-99e3-4c1e-91d3-4a2c0caa3f9f}</UniqueIdentifier>
    </Filter>
    <Filter Include="Header Files\Rendering\Materials">
      <UniqueIdentifier>{2374f13c-ebd2-4b98-9ed3-34f8446fcfe5}</UniqueIdentifier>
    </Filter>
  </ItemGroup>
  <ItemGroup>
    <ClInclude Include="include\ShaderManager.h">
      <Filter>Header Files\Shaders</Filter>
    </ClInclude>
    <ClInclude Include="include\Texture.h">
      <Filter>Header Files\D3D</Filter>
    </ClInclude>
    <ClInclude Include="include\NimbleD3D.h">
      <Filter>Header Files\D3D</Filter>
    </ClInclude>
    <ClInclude Include="include\Structs.h">
      <Filter>Header Files\Misc</Filter>
    </ClInclude>
    <ClInclude Include="include\Helper.h">
      <Filter>Header Files\Misc</Filter>
    </ClInclude>
    <ClInclude Include="include\Graphics.h">
      <Filter>Header Files\Graphics</Filter>
    </ClInclude>
    <ClInclude Include="include\Camera.h">
      <Filter>Header Files\Graphics</Filter>
    </ClInclude>
    <ClInclude Include="include\Terrain.h">
      <Filter>Header Files\Terrain</Filter>
    </ClInclude>
    <ClInclude Include="include\Light.h">
      <Filter>Header Files\Graphics</Filter>
    </ClInclude>
    <ClInclude Include="include\Logger.h">
      <Filter>Header Files\Misc</Filter>
    </ClInclude>
    <ClInclude Include="include\RayHit.h">
      <Filter>Header Files\Physics</Filter>
    </ClInclude>
    <ClInclude Include="..\..\Externals\Bitmap\bitmap_image.hpp">
      <Filter>Header Files\Graphics</Filter>
    </ClInclude>
    <ClInclude Include="include\TerrainChunk.h">
      <Filter>Header Files\Terrain</Filter>
    </ClInclude>
    <ClInclude Include="include\spline.h">
      <Filter>Header Files\Graphics</Filter>
    </ClInclude>
    <ClInclude Include="include\Emitter.h">
      <Filter>Header Files\Particles</Filter>
    </ClInclude>
    <ClInclude Include="include\DebugLineManager.h">
      <Filter>Header Files\Graphics</Filter>
    </ClInclude>
    <ClInclude Include="include\MemoryHeightmap.h">
      <Filter>Header Files\Terrain</Filter>
    </ClInclude>
    <ClInclude Include="include\ParticleEffect.h">
      <Filter>Header Files\Particles</Filter>
    </ClInclude>
    <ClInclude Include="include\ParticleEngine.h">
      <Filter>Header Files\Particles</Filter>
    </ClInclude>
    <ClInclude Include="include\ParticleSettings.h">
      <Filter>Header Files\Particles</Filter>
    </ClInclude>
    <ClInclude Include="include\ParticleShader.h">
      <Filter>Header Files\Shaders</Filter>
    </ClInclude>
    <ClInclude Include="include\ParticleSystem.h">
      <Filter>Header Files\Particles</Filter>
    </ClInclude>
    <ClInclude Include="include\ParticleVertex.h">
      <Filter>Header Files\Particles</Filter>
    </ClInclude>
    <ClInclude Include="include\Singleton.h">
      <Filter>Header Files\Misc</Filter>
    </ClInclude>
    <ClInclude Include="include\TerrainVertexField.h">
      <Filter>Header Files\Terrain</Filter>
    </ClInclude>
    <ClInclude Include="include\Typedefs.h">
      <Filter>Header Files\Misc</Filter>
    </ClInclude>
    <ClInclude Include="include\TextureArray.h">
      <Filter>Header Files\D3D</Filter>
    </ClInclude>
    <ClInclude Include="include\SplatMap.h">
      <Filter>Header Files\D3D</Filter>
    </ClInclude>
    <ClInclude Include="include\TerrainCell.h">
      <Filter>Header Files\Terrain</Filter>
    </ClInclude>
    <ClInclude Include="include\TerrainVertex.h">
      <Filter>Header Files\Terrain</Filter>
    </ClInclude>
    <ClInclude Include="include\D3D11Cache.h">
      <Filter>Header Files\Graphics</Filter>
    </ClInclude>
    <ClInclude Include="include\Tile.h">
      <Filter>Header Files\Tilemap</Filter>
    </ClInclude>
    <ClInclude Include="include\D3D11Object.h">
      <Filter>Header Files\Graphics</Filter>
    </ClInclude>
    <ClInclude Include="include\Mesh.h">
      <Filter>Header Files\Rendering</Filter>
    </ClInclude>
    <ClInclude Include="include\DiffuseShaderComponent.h">
      <Filter>Header Files\Rendering\Shaders\Components</Filter>
    </ClInclude>
    <ClInclude Include="include\SamplerStateShaderComponent.h">
      <Filter>Header Files\Rendering\Shaders\Components</Filter>
    </ClInclude>
    <ClInclude Include="include\WVPShaderComponent.h">
      <Filter>Header Files\Rendering\Shaders\Components</Filter>
    </ClInclude>
    <ClInclude Include="include\BasicShader.h">
      <Filter>Header Files\Rendering\Shaders</Filter>
    </ClInclude>
    <ClInclude Include="include\DiffuseShader.h">
      <Filter>Header Files\Rendering\Shaders</Filter>
    </ClInclude>
    <ClInclude Include="include\IShaderComponent.h">
      <Filter>Header Files\Rendering\Shaders\Components</Filter>
    </ClInclude>
    <ClInclude Include="include\RenderObject.h">
      <Filter>Header Files\Rendering</Filter>
    </ClInclude>
    <ClInclude Include="include\RenderSystem.h">
      <Filter>Header Files\Rendering</Filter>
    </ClInclude>
    <ClInclude Include="include\LineMesh.h">
      <Filter>Header Files\DeleteMaybe</Filter>
    </ClInclude>
    <ClInclude Include="include\TerrainMesh.h">
      <Filter>Header Files\DeleteMaybe</Filter>
    </ClInclude>
    <ClInclude Include="include\IShader.h">
      <Filter>Header Files\Rendering\Shaders</Filter>
    </ClInclude>
    <ClInclude Include="include\Frustum.h">
      <Filter>Header Files\Graphics</Filter>
    </ClInclude>
    <ClInclude Include="include\Transform.h">
      <Filter>Header Files\Physics</Filter>
    </ClInclude>
    <ClInclude Include="include\DiffuseMaterial.h">
      <Filter>Header Files\Rendering\Materials</Filter>
    </ClInclude>
    <ClInclude Include="include\Material.h">
      <Filter>Header Files\Rendering\Materials</Filter>
    </ClInclude>
    <ClInclude Include="include\TileMaterial.h">
      <Filter>Header Files\Rendering\Materials</Filter>
    </ClInclude>
    <ClInclude Include="include\LightShaderComponent.h">
      <Filter>Header Files\Rendering\Shaders\Components</Filter>
    </ClInclude>
    <ClInclude Include="include\SplatMapShaderComponent.h">
      <Filter>Header Files\Rendering\Shaders\Components</Filter>
    </ClInclude>
    <ClInclude Include="include\ShaderComponentManager.h">
      <Filter>Header Files\Rendering\Shaders</Filter>
    </ClInclude>
    <ClInclude Include="src\ShaderComponentManager.cpp">
      <Filter>Source Files</Filter>
    </ClInclude>
  </ItemGroup>
  <ItemGroup>
    <None Include="..\..\Assets\Shaders\Color.ps">
      <Filter>Shaders</Filter>
    </None>
    <None Include="..\..\Assets\Shaders\Color.vs">
      <Filter>Shaders</Filter>
    </None>
    <None Include="..\..\Assets\Shaders\ParticleShader.ps">
      <Filter>Shaders</Filter>
    </None>
    <None Include="..\..\Assets\Shaders\ParticleShader.vs">
      <Filter>Shaders</Filter>
    </None>
    <None Include="..\..\Assets\Shaders\Terrain.ps">
      <Filter>Shaders</Filter>
    </None>
    <None Include="..\..\Assets\Shaders\Terrain.vs">
      <Filter>Shaders</Filter>
    </None>
    <None Include="packages.config" />
    <None Include="..\..\Assets\Shaders\Diffuse.ps">
      <Filter>Shaders</Filter>
    </None>
    <None Include="..\..\Assets\Shaders\Diffuse.vs">
      <Filter>Shaders</Filter>
    </None>
    <None Include="TileShader.vs">
      <Filter>Shaders</Filter>
    </None>
    <None Include="TileShader.ps">
      <Filter>Shaders</Filter>
    </None>
  </ItemGroup>
  <ItemGroup>
    <ClCompile Include="src\placeholder.cpp">
      <Filter>Source Files</Filter>
    </ClCompile>
    <ClCompile Include="src\NimbleD3D.cpp">
      <Filter>Source Files\D3D</Filter>
    </ClCompile>
    <ClCompile Include="src\Texture.cpp">
      <Filter>Source Files\D3D</Filter>
    </ClCompile>
    <ClCompile Include="src\Camera.cpp">
      <Filter>Source Files\Graphics</Filter>
    </ClCompile>
    <ClCompile Include="src\Graphics.cpp">
      <Filter>Source Files\Graphics</Filter>
    </ClCompile>
    <ClCompile Include="src\Light.cpp">
      <Filter>Source Files\Graphics</Filter>
    </ClCompile>
    <ClCompile Include="src\IShader.cpp">
      <Filter>Source Files\Interfaces</Filter>
    </ClCompile>
    <ClCompile Include="src\Frustum.cpp">
      <Filter>Source Files\Misc</Filter>
    </ClCompile>
    <ClCompile Include="src\Transform.cpp">
      <Filter>Source Files\Misc</Filter>
    </ClCompile>
    <ClCompile Include="src\Emitter.cpp">
      <Filter>Source Files\Particles</Filter>
    </ClCompile>
    <ClCompile Include="src\RayHit.cpp">
      <Filter>Source Files\Physics</Filter>
    </ClCompile>
    <ClCompile Include="src\ShaderManager.cpp">
      <Filter>Source Files\Shaders</Filter>
    </ClCompile>
    <ClCompile Include="src\DebugLineManager.cpp">
      <Filter>Source Files\Graphics</Filter>
    </ClCompile>
    <ClCompile Include="src\MemoryHeightmap.cpp">
      <Filter>Source Files\Terrain</Filter>
    </ClCompile>
    <ClCompile Include="src\ParticleEffect.cpp">
      <Filter>Source Files\Particles</Filter>
    </ClCompile>
    <ClCompile Include="src\ParticleEngine.cpp">
      <Filter>Source Files\Particles</Filter>
    </ClCompile>
    <ClCompile Include="src\ParticleSettings.cpp">
      <Filter>Source Files\Particles</Filter>
    </ClCompile>
    <ClCompile Include="src\ParticleShader.cpp">
      <Filter>Source Files\Shaders</Filter>
    </ClCompile>
    <ClCompile Include="src\ParticleSystem.cpp">
      <Filter>Source Files\Particles</Filter>
    </ClCompile>
    <ClCompile Include="src\TerrainVertexField.cpp">
      <Filter>Source Files\Terrain</Filter>
    </ClCompile>
    <ClCompile Include="src\TextureArray.cpp">
      <Filter>Source Files\D3D</Filter>
    </ClCompile>
    <ClCompile Include="src\SplatMap.cpp">
      <Filter>Source Files\D3D</Filter>
    </ClCompile>
    <ClCompile Include="src\D3D11Cache.cpp">
      <Filter>Source Files\Graphics</Filter>
    </ClCompile>
    <ClCompile Include="src\Material.cpp">
      <Filter>Source Files\Graphics</Filter>
    </ClCompile>
    <ClCompile Include="src\RenderSystem.cpp">
      <Filter>Source Files</Filter>
    </ClCompile>
    <ClCompile Include="src\RenderObject.cpp">
      <Filter>Source Files</Filter>
    </ClCompile>
    <ClCompile Include="src\TileMaterial.cpp">
      <Filter>Source Files</Filter>
    </ClCompile>
    <ClCompile Include="src\TileShader.cpp">
      <Filter>Source Files</Filter>
    </ClCompile>
    <ClCompile Include="src\BasicShader.cpp">
      <Filter>Source Files</Filter>
    </ClCompile>
    <ClCompile Include="src\DiffuseShader.cpp">
      <Filter>Source Files</Filter>
    </ClCompile>
    <ClCompile Include="src\DiffuseShaderComponent.cpp">
      <Filter>Source Files</Filter>
    </ClCompile>
    <ClCompile Include="src\SamplerStateShaderComponent.cpp">
      <Filter>Source Files</Filter>
    </ClCompile>
    <ClCompile Include="src\DiffuseMaterial.cpp">
      <Filter>Source Files</Filter>
    </ClCompile>
    <ClCompile Include="src\Tile.cpp">
      <Filter>Source Files\Tilemap</Filter>
    </ClCompile>
    <ClCompile Include="src\WVPShaderComponent.cpp">
      <Filter>Source Files</Filter>
    </ClCompile>
    <ClCompile Include="include\TileShader.h">
      <Filter>Header Files\Rendering\Shaders</Filter>
    </ClCompile>
    <ClCompile Include="src\LightShaderComponent.cpp">
      <Filter>Source Files</Filter>
    </ClCompile>
    <ClCompile Include="src\SplatMapShaderComponent.cpp">
      <Filter>Source Files</Filter>
    </ClCompile>
  </ItemGroup>
</Project>